
Microsoft Visual Studio Solution File, Format Version 12.00
# Visual Studio 15
Project("{FAE04EC0-301F-11D3-BF4B-00C04F79EFBC}") = "Assembly-CSharp", "Assembly-CSharp.csproj", "{AF346702-921F-04B9-13B6-3BBFB8ABA665}"
EndProject
Project("{FAE04EC0-301F-11D3-BF4B-00C04F79EFBC}") = "Assembly-CSharp-Editor", "Assembly-CSharp-Editor.csproj", "{04CE99D4-F9F6-8BFD-A556-3E01F40A8BC9}"
EndProject
Global
	GlobalSection(SolutionConfigurationPlatforms) = preSolution
		Debug|Any CPU = Debug|Any CPU
		Release|Any CPU = Release|Any CPU
	EndGlobalSection
	GlobalSection(ProjectConfigurationPlatforms) = postSolution
		{AF346702-921F-04B9-13B6-3BBFB8ABA665}.Debug|Any CPU.ActiveCfg = Debug|Any CPU
		{AF346702-921F-04B9-13B6-3BBFB8ABA665}.Debug|Any CPU.Build.0 = Debug|Any CPU
		{AF346702-921F-04B9-13B6-3BBFB8ABA665}.Release|Any CPU.ActiveCfg = Release|Any CPU
		{AF346702-921F-04B9-13B6-3BBFB8ABA665}.Release|Any CPU.Build.0 = Release|Any CPU
		{04CE99D4-F9F6-8BFD-A556-3E01F40A8BC9}.Debug|Any CPU.ActiveCfg = Debug|Any CPU
		{04CE99D4-F9F6-8BFD-A556-3E01F40A8BC9}.Debug|Any CPU.Build.0 = Debug|Any CPU
		{04CE99D4-F9F6-8BFD-A556-3E01F40A8BC9}.Release|Any CPU.ActiveCfg = Release|Any CPU
		{04CE99D4-F9F6-8BFD-A556-3E01F40A8BC9}.Release|Any CPU.Build.0 = Release|Any CPU
	EndGlobalSection
	GlobalSection(SolutionProperties) = preSolution
		HideSolutionNode = FALSE
	EndGlobalSection
EndGlobal
